<?xml version="1.0" encoding="utf-8"?>
<Project ToolsVersion="4.0" xmlns="http://schemas.microsoft.com/developer/msbuild/2003">
  <ItemGroup>
    <Filter Include="Core">
      <UniqueIdentifier>{46926820-7f15-4ef6-b8ff-ff551256dd97}</UniqueIdentifier>
    </Filter>
    <Filter Include="DB">
      <UniqueIdentifier>{e01dfb45-3c09-46d1-88d2-4ad1b89673e1}</UniqueIdentifier>
    </Filter>
    <Filter Include="Reflection">
      <UniqueIdentifier>{e0c41ff5-2b1c-4a55-84e6-383806d32aed}</UniqueIdentifier>
    </Filter>
  </ItemGroup>
  <ItemGroup>
    <ClInclude Include="Src\Inc\light-orm.hpp">
      <Filter>Core</Filter>
    </ClInclude>
    <ClInclude Include="Src\Inc\database-system.hpp">
      <Filter>DB</Filter>
    </ClInclude>
    <ClInclude Include="Src\Inc\maria-db.hpp">
      <Filter>DB</Filter>
    </ClInclude>
    <ClInclude Include="Src\Inc\orm.hpp">
      <Filter>Reflection</Filter>
    </ClInclude>
  </ItemGroup>
  <ItemGroup>
    <ClCompile Include="Src\Cpp\main.cpp">
      <Filter>Core</Filter>
    </ClCompile>
  </ItemGroup>
</Project>